
Microsoft Visual Studio Solution File, Format Version 12.00
# Visual Studio 2012
Project("{FAE04EC0-301F-11D3-BF4B-00C04F79EFBC}") = "eek_2018_oop_5", "eek_2018_oop_5\eek_2018_oop_5.csproj", "{1F0A2586-649E-42C7-A53A-9DBCAAF8371F}"
EndProject
Global
	GlobalSection(SolutionConfigurationPlatforms) = preSolution
		Debug|x86 = Debug|x86
		Release|x86 = Release|x86
	EndGlobalSection
	GlobalSection(ProjectConfigurationPlatforms) = postSolution
		{1F0A2586-649E-42C7-A53A-9DBCAAF8371F}.Debug|x86.ActiveCfg = Debug|x86
		{1F0A2586-649E-42C7-A53A-9DBCAAF8371F}.Debug|x86.Build.0 = Debug|x86
		{1F0A2586-649E-42C7-A53A-9DBCAAF8371F}.Release|x86.ActiveCfg = Release|x86
		{1F0A2586-649E-42C7-A53A-9DBCAAF8371F}.Release|x86.Build.0 = Release|x86
	EndGlobalSection
EndGlobal
